
Microsoft Visual Studio Solution File, Format Version 12.00
# Visual Studio Version 17
VisualStudioVersion = 17.14.37411.7
MinimumVisualStudioVersion = 10.0.40219.1
Project("{FAE04EC0-301F-11D3-BF4B-00C04F79EFBC}") = "MED", "MED\MED.csproj", "{2C09070B-78B0-4CC9-BD11-EBBB2E08E5CA}"
EndProject
Project("{FAE04EC0-301F-11D3-BF4B-00C04F79EFBC}") = "EDJoystick", "EDJoystick\EDJoystick.csproj", "{E6785686-03EA-28BB-3E57-FE26075B4FC2}"
EndProject
Project("{FAE04EC0-301F-11D3-BF4B-00C04F79EFBC}") = "Core", "Core\Core.csproj", "{6E30245E-7296-499D-B60C-06EAB639E393}"
EndProject
Project("{FAE04EC0-301F-11D3-BF4B-00C04F79EFBC}") = "EDWebCam", "EDWebCam\EDWebCam.csproj", "{3D85FBFB-257B-4137-86DE-D956D773BDE2}"
EndProject
Project("{FAE04EC0-301F-11D3-BF4B-00C04F79EFBC}") = "Imaging", "Imaging\Imaging.csproj", "{32180E18-71F7-4D91-B00F-FC566FB9877B}"
EndProject
Project("{F184B08F-C81C-45F6-A57F-5ABD9991F28F}") = "EDTraitImagesImpl", "EDTraitImagesImpl\EDTraitImagesImpl.vbproj", "{9B237F01-6CEC-4FD5-A354-9947AEFF1C76}"
EndProject
Project("{F184B08F-C81C-45F6-A57F-5ABD9991F28F}") = "EDVideoStreamImpl", "EDVideoStreamImpl\EDVideoStreamImpl.vbproj", "{42A56FD8-A8F8-4C9D-AEDE-D5DE5F34E944}"
EndProject
Project("{F184B08F-C81C-45F6-A57F-5ABD9991F28F}") = "EDSoundStream", "EDSoundStream\EDSoundStream.vbproj", "{B3898390-D23F-43DE-B15F-FDA312DD9806}"
EndProject
Project("{FAE04EC0-301F-11D3-BF4B-00C04F79EFBC}") = "libMotionDetection.NET", "libMotionDetection.NET\libMotionDetection.NET.csproj", "{07E8FBF2-6856-6399-2685-C1B669E2089A}"
EndProject
Project("{FAE04EC0-301F-11D3-BF4B-00C04F79EFBC}") = "libVideoCapture.NET", "libVideoCapture.NET\libVideoCapture.NET.csproj", "{243444BC-7531-A965-5C03-E93CC4611C7E}"
EndProject
Global
	GlobalSection(SolutionConfigurationPlatforms) = preSolution
		Debug|Any CPU = Debug|Any CPU
		Debug|x86 = Debug|x86
		Release|Any CPU = Release|Any CPU
		Release|x86 = Release|x86
	EndGlobalSection
	GlobalSection(ProjectConfigurationPlatforms) = postSolution
		{2C09070B-78B0-4CC9-BD11-EBBB2E08E5CA}.Debug|Any CPU.ActiveCfg = Debug|Any CPU
		{2C09070B-78B0-4CC9-BD11-EBBB2E08E5CA}.Debug|Any CPU.Build.0 = Debug|Any CPU
		{2C09070B-78B0-4CC9-BD11-EBBB2E08E5CA}.Debug|x86.ActiveCfg = Debug|Any CPU
		{2C09070B-78B0-4CC9-BD11-EBBB2E08E5CA}.Debug|x86.Build.0 = Debug|Any CPU
		{2C09070B-78B0-4CC9-BD11-EBBB2E08E5CA}.Release|Any CPU.ActiveCfg = Release|Any CPU
		{2C09070B-78B0-4CC9-BD11-EBBB2E08E5CA}.Release|Any CPU.Build.0 = Release|Any CPU
		{2C09070B-78B0-4CC9-BD11-EBBB2E08E5CA}.Release|x86.ActiveCfg = Release|Any CPU
		{2C09070B-78B0-4CC9-BD11-EBBB2E08E5CA}.Release|x86.Build.0 = Release|Any CPU
		{E6785686-03EA-28BB-3E57-FE26075B4FC2}.Debug|Any CPU.ActiveCfg = Debug|Any CPU
		{E6785686-03EA-28BB-3E57-FE26075B4FC2}.Debug|Any CPU.Build.0 = Debug|Any CPU
		{E6785686-03EA-28BB-3E57-FE26075B4FC2}.Debug|x86.ActiveCfg = Debug|Any CPU
		{E6785686-03EA-28BB-3E57-FE26075B4FC2}.Debug|x86.Build.0 = Debug|Any CPU
		{E6785686-03EA-28BB-3E57-FE26075B4FC2}.Release|Any CPU.ActiveCfg = Release|Any CPU
		{E6785686-03EA-28BB-3E57-FE26075B4FC2}.Release|Any CPU.Build.0 = Release|Any CPU
		{E6785686-03EA-28BB-3E57-FE26075B4FC2}.Release|x86.ActiveCfg = Release|Any CPU
		{E6785686-03EA-28BB-3E57-FE26075B4FC2}.Release|x86.Build.0 = Release|Any CPU
		{6E30245E-7296-499D-B60C-06EAB639E393}.Debug|Any CPU.ActiveCfg = Debug|Any CPU
		{6E30245E-7296-499D-B60C-06EAB639E393}.Debug|Any CPU.Build.0 = Debug|Any CPU
		{6E30245E-7296-499D-B60C-06EAB639E393}.Debug|x86.ActiveCfg = Debug|Any CPU
		{6E30245E-7296-499D-B60C-06EAB639E393}.Debug|x86.Build.0 = Debug|Any CPU
		{6E30245E-7296-499D-B60C-06EAB639E393}.Release|Any CPU.ActiveCfg = Release|Any CPU
		{6E30245E-7296-499D-B60C-06EAB639E393}.Release|Any CPU.Build.0 = Release|Any CPU
		{6E30245E-7296-499D-B60C-06EAB639E393}.Release|x86.ActiveCfg = Release|Any CPU
		{6E30245E-7296-499D-B60C-06EAB639E393}.Release|x86.Build.0 = Release|Any CPU
		{3D85FBFB-257B-4137-86DE-D956D773BDE2}.Debug|Any CPU.ActiveCfg = Debug|Any CPU
		{3D85FBFB-257B-4137-86DE-D956D773BDE2}.Debug|Any CPU.Build.0 = Debug|Any CPU
		{3D85FBFB-257B-4137-86DE-D956D773BDE2}.Debug|x86.ActiveCfg = Debug|Any CPU
		{3D85FBFB-257B-4137-86DE-D956D773BDE2}.Debug|x86.Build.0 = Debug|Any CPU
		{3D85FBFB-257B-4137-86DE-D956D773BDE2}.Release|Any CPU.ActiveCfg = Release|Any CPU
		{3D85FBFB-257B-4137-86DE-D956D773BDE2}.Release|Any CPU.Build.0 = Release|Any CPU
		{3D85FBFB-257B-4137-86DE-D956D773BDE2}.Release|x86.ActiveCfg = Release|Any CPU
		{3D85FBFB-257B-4137-86DE-D956D773BDE2}.Release|x86.Build.0 = Release|Any CPU
		{32180E18-71F7-4D91-B00F-FC566FB9877B}.Debug|Any CPU.ActiveCfg = Debug|Any CPU
		{32180E18-71F7-4D91-B00F-FC566FB9877B}.Debug|Any CPU.Build.0 = Debug|Any CPU
		{32180E18-71F7-4D91-B00F-FC566FB9877B}.Debug|x86.ActiveCfg = Debug|Any CPU
		{32180E18-71F7-4D91-B00F-FC566FB9877B}.Debug|x86.Build.0 = Debug|Any CPU
		{32180E18-71F7-4D91-B00F-FC566FB9877B}.Release|Any CPU.ActiveCfg = Release|Any CPU
		{32180E18-71F7-4D91-B00F-FC566FB9877B}.Release|Any CPU.Build.0 = Release|Any CPU
		{32180E18-71F7-4D91-B00F-FC566FB9877B}.Release|x86.ActiveCfg = Release|Any CPU
		{32180E18-71F7-4D91-B00F-FC566FB9877B}.Release|x86.Build.0 = Release|Any CPU
		{9B237F01-6CEC-4FD5-A354-9947AEFF1C76}.Debug|Any CPU.ActiveCfg = Debug|Any CPU
		{9B237F01-6CEC-4FD5-A354-9947AEFF1C76}.Debug|Any CPU.Build.0 = Debug|Any CPU
		{9B237F01-6CEC-4FD5-A354-9947AEFF1C76}.Debug|x86.ActiveCfg = Debug|Any CPU
		{9B237F01-6CEC-4FD5-A354-9947AEFF1C76}.Debug|x86.Build.0 = Debug|Any CPU
		{9B237F01-6CEC-4FD5-A354-9947AEFF1C76}.Release|Any CPU.ActiveCfg = Release|Any CPU
		{9B237F01-6CEC-4FD5-A354-9947AEFF1C76}.Release|Any CPU.Build.0 = Release|Any CPU
		{9B237F01-6CEC-4FD5-A354-9947AEFF1C76}.Release|x86.ActiveCfg = Release|Any CPU
		{9B237F01-6CEC-4FD5-A354-9947AEFF1C76}.Release|x86.Build.0 = Release|Any CPU
		{42A56FD8-A8F8-4C9D-AEDE-D5DE5F34E944}.Debug|Any CPU.ActiveCfg = Debug|Any CPU
		{42A56FD8-A8F8-4C9D-AEDE-D5DE5F34E944}.Debug|Any CPU.Build.0 = Debug|Any CPU
		{42A56FD8-A8F8-4C9D-AEDE-D5DE5F34E944}.Debug|x86.ActiveCfg = Debug|Any CPU
		{42A56FD8-A8F8-4C9D-AEDE-D5DE5F34E944}.Debug|x86.Build.0 = Debug|Any CPU
		{42A56FD8-A8F8-4C9D-AEDE-D5DE5F34E944}.Release|Any CPU.ActiveCfg = Release|Any CPU
		{42A56FD8-A8F8-4C9D-AEDE-D5DE5F34E944}.Release|Any CPU.Build.0 = Release|Any CPU
		{42A56FD8-A8F8-4C9D-AEDE-D5DE5F34E944}.Release|x86.ActiveCfg = Release|Any CPU
		{42A56FD8-A8F8-4C9D-AEDE-D5DE5F34E944}.Release|x86.Build.0 = Release|Any CPU
		{B3898390-D23F-43DE-B15F-FDA312DD9806}.Debug|Any CPU.ActiveCfg = Debug|Any CPU
		{B3898390-D23F-43DE-B15F-FDA312DD9806}.Debug|Any CPU.Build.0 = Debug|Any CPU
		{B3898390-D23F-43DE-B15F-FDA312DD9806}.Debug|x86.ActiveCfg = Debug|Any CPU
		{B3898390-D23F-43DE-B15F-FDA312DD9806}.Debug|x86.Build.0 = Debug|Any CPU
		{B3898390-D23F-43DE-B15F-FDA312DD9806}.Release|Any CPU.ActiveCfg = Release|Any CPU
		{B3898390-D23F-43DE-B15F-FDA312DD9806}.Release|Any CPU.Build.0 = Release|Any CPU
		{B3898390-D23F-43DE-B15F-FDA312DD9806}.Release|x86.ActiveCfg = Release|Any CPU
		{B3898390-D23F-43DE-B15F-FDA312DD9806}.Release|x86.Build.0 = Release|Any CPU
		{07E8FBF2-6856-6399-2685-C1B669E2089A}.Debug|Any CPU.ActiveCfg = Debug|Any CPU
		{07E8FBF2-6856-6399-2685-C1B669E2089A}.Debug|Any CPU.Build.0 = Debug|Any CPU
		{07E8FBF2-6856-6399-2685-C1B669E2089A}.Debug|x86.ActiveCfg = Debug|x86
		{07E8FBF2-6856-6399-2685-C1B669E2089A}.Debug|x86.Build.0 = Debug|x86
		{07E8FBF2-6856-6399-2685-C1B669E2089A}.Release|Any CPU.ActiveCfg = Release|Any CPU
		{07E8FBF2-6856-6399-2685-C1B669E2089A}.Release|Any CPU.Build.0 = Release|Any CPU
		{07E8FBF2-6856-6399-2685-C1B669E2089A}.Release|x86.ActiveCfg = Release|x86
		{07E8FBF2-6856-6399-2685-C1B669E2089A}.Release|x86.Build.0 = Release|x86
		{243444BC-7531-A965-5C03-E93CC4611C7E}.Debug|Any CPU.ActiveCfg = Debug|Any CPU
		{243444BC-7531-A965-5C03-E93CC4611C7E}.Debug|Any CPU.Build.0 = Debug|Any CPU
		{243444BC-7531-A965-5C03-E93CC4611C7E}.Debug|x86.ActiveCfg = Debug|x86
		{243444BC-7531-A965-5C03-E93CC4611C7E}.Debug|x86.Build.0 = Debug|x86
		{243444BC-7531-A965-5C03-E93CC4611C7E}.Release|Any CPU.ActiveCfg = Release|Any CPU
		{243444BC-7531-A965-5C03-E93CC4611C7E}.Release|Any CPU.Build.0 = Release|Any CPU
		{243444BC-7531-A965-5C03-E93CC4611C7E}.Release|x86.ActiveCfg = Release|x86
		{243444BC-7531-A965-5C03-E93CC4611C7E}.Release|x86.Build.0 = Release|x86
	EndGlobalSection
	GlobalSection(SolutionProperties) = preSolution
		HideSolutionNode = FALSE
	EndGlobalSection
	GlobalSection(ExtensibilityGlobals) = postSolution
		SolutionGuid = {A05316F8-DE2F-49F3-B188-E6097F1C6C1D}
	EndGlobalSection
EndGlobal
